
Microsoft Visual Studio Solution File, Format Version 12.00
# Visual Studio Version 17
VisualStudioVersion = 17.8.34525.116
MinimumVisualStudioVersion = 10.0.40219.1
Project("{9A19103F-16F7-4668-BE54-9A1E7A4F7556}") = "03. Songs", "03. Songs\03. Songs.csproj", "{83DDB068-09AE-40AB-B683-97B70CAD178E}"
EndProject
Project("{9A19103F-16F7-4668-BE54-9A1E7A4F7556}") = "04.Students", "04.Students\04.Students.csproj", "{F01348D0-46D4-4094-ACD8-DA393E42EFC5}"
EndProject
Project("{9A19103F-16F7-4668-BE54-9A1E7A4F7556}") = "05.Students2.0", "05.Students2.0\05.Students2.0.csproj", "{08DA9B7E-BAA1-408B-B63D-7470F3376CD7}"
EndProject
Project("{9A19103F-16F7-4668-BE54-9A1E7A4F7556}") = "06.StoreBoxes", "06.StoreBoxes\06.StoreBoxes.csproj", "{0D0CF7CD-F9E4-4EDB-AAD0-039917FC54C2}"
EndProject
Project("{FAE04EC0-301F-11D3-BF4B-00C04F79EFBC}") = "07.VehicleCatalogue", "07.VehicleCatalogue\07.VehicleCatalogue.csproj", "{E5CE26CE-9B41-4BB1-8B61-4314BBDE8F7A}"
EndProject
Project("{FAE04EC0-301F-11D3-BF4B-00C04F79EFBC}") = "01.RandomizeWords", "01.RandomizeWords\01.RandomizeWords.csproj", "{DAD797CB-6B6D-45BA-8190-13CBE75BD203}"
EndProject
Project("{FAE04EC0-301F-11D3-BF4B-00C04F79EFBC}") = "02.BigFactorial", "02.BigFactorial\02.BigFactorial.csproj", "{EEEF8CAB-3989-49EB-A1BB-CD56284C145E}"
EndProject
Global
	GlobalSection(SolutionConfigurationPlatforms) = preSolution
		Debug|Any CPU = Debug|Any CPU
		Release|Any CPU = Release|Any CPU
	EndGlobalSection
	GlobalSection(ProjectConfigurationPlatforms) = postSolution
		{83DDB068-09AE-40AB-B683-97B70CAD178E}.Debug|Any CPU.ActiveCfg = Debug|Any CPU
		{83DDB068-09AE-40AB-B683-97B70CAD178E}.Debug|Any CPU.Build.0 = Debug|Any CPU
		{83DDB068-09AE-40AB-B683-97B70CAD178E}.Release|Any CPU.ActiveCfg = Release|Any CPU
		{83DDB068-09AE-40AB-B683-97B70CAD178E}.Release|Any CPU.Build.0 = Release|Any CPU
		{F01348D0-46D4-4094-ACD8-DA393E42EFC5}.Debug|Any CPU.ActiveCfg = Debug|Any CPU
		{F01348D0-46D4-4094-ACD8-DA393E42EFC5}.Debug|Any CPU.Build.0 = Debug|Any CPU
		{F01348D0-46D4-4094-ACD8-DA393E42EFC5}.Release|Any CPU.ActiveCfg = Release|Any CPU
		{F01348D0-46D4-4094-ACD8-DA393E42EFC5}.Release|Any CPU.Build.0 = Release|Any CPU
		{08DA9B7E-BAA1-408B-B63D-7470F3376CD7}.Debug|Any CPU.ActiveCfg = Debug|Any CPU
		{08DA9B7E-BAA1-408B-B63D-7470F3376CD7}.Debug|Any CPU.Build.0 = Debug|Any CPU
		{08DA9B7E-BAA1-408B-B63D-7470F3376CD7}.Release|Any CPU.ActiveCfg = Release|Any CPU
		{08DA9B7E-BAA1-408B-B63D-7470F3376CD7}.Release|Any CPU.Build.0 = Release|Any CPU
		{0D0CF7CD-F9E4-4EDB-AAD0-039917FC54C2}.Debug|Any CPU.ActiveCfg = Debug|Any CPU
		{0D0CF7CD-F9E4-4EDB-AAD0-039917FC54C2}.Debug|Any CPU.Build.0 = Debug|Any CPU
		{0D0CF7CD-F9E4-4EDB-AAD0-039917FC54C2}.Release|Any CPU.ActiveCfg = Release|Any CPU
		{0D0CF7CD-F9E4-4EDB-AAD0-039917FC54C2}.Release|Any CPU.Build.0 = Release|Any CPU
		{E5CE26CE-9B41-4BB1-8B61-4314BBDE8F7A}.Debug|Any CPU.ActiveCfg = Debug|Any CPU
		{E5CE26CE-9B41-4BB1-8B61-4314BBDE8F7A}.Debug|Any CPU.Build.0 = Debug|Any CPU
		{E5CE26CE-9B41-4BB1-8B61-4314BBDE8F7A}.Release|Any CPU.ActiveCfg = Release|Any CPU
		{E5CE26CE-9B41-4BB1-8B61-4314BBDE8F7A}.Release|Any CPU.Build.0 = Release|Any CPU
		{DAD797CB-6B6D-45BA-8190-13CBE75BD203}.Debug|Any CPU.ActiveCfg = Debug|Any CPU
		{DAD797CB-6B6D-45BA-8190-13CBE75BD203}.Debug|Any CPU.Build.0 = Debug|Any CPU
		{DAD797CB-6B6D-45BA-8190-13CBE75BD203}.Release|Any CPU.ActiveCfg = Release|Any CPU
		{DAD797CB-6B6D-45BA-8190-13CBE75BD203}.Release|Any CPU.Build.0 = Release|Any CPU
		{EEEF8CAB-3989-49EB-A1BB-CD56284C145E}.Debug|Any CPU.ActiveCfg = Debug|Any CPU
		{EEEF8CAB-3989-49EB-A1BB-CD56284C145E}.Debug|Any CPU.Build.0 = Debug|Any CPU
		{EEEF8CAB-3989-49EB-A1BB-CD56284C145E}.Release|Any CPU.ActiveCfg = Release|Any CPU
		{EEEF8CAB-3989-49EB-A1BB-CD56284C145E}.Release|Any CPU.Build.0 = Release|Any CPU
	EndGlobalSection
	GlobalSection(SolutionProperties) = preSolution
		HideSolutionNode = FALSE
	EndGlobalSection
	GlobalSection(ExtensibilityGlobals) = postSolution
		SolutionGuid = {81E1BC93-F6AF-4CD9-8769-94C880096079}
	EndGlobalSection
EndGlobal
