
Microsoft Visual Studio Solution File, Format Version 12.00
# Visual Studio Version 17
VisualStudioVersion = 17.5.002.0
MinimumVisualStudioVersion = 10.0.40219.1
Project("{9A19103F-16F7-4668-BE54-9A1E7A4F7556}") = "FetchAPI", "FetchAPI.csproj", "{600A0E8C-4955-4423-A818-9A9B01F1B8C1}"
EndProject
Global
	GlobalSection(SolutionConfigurationPlatforms) = preSolution
		Debug|Any CPU = Debug|Any CPU
		Release|Any CPU = Release|Any CPU
	EndGlobalSection
	GlobalSection(ProjectConfigurationPlatforms) = postSolution
		{600A0E8C-4955-4423-A818-9A9B01F1B8C1}.Debug|Any CPU.ActiveCfg = Debug|Any CPU
		{600A0E8C-4955-4423-A818-9A9B01F1B8C1}.Debug|Any CPU.Build.0 = Debug|Any CPU
		{600A0E8C-4955-4423-A818-9A9B01F1B8C1}.Release|Any CPU.ActiveCfg = Release|Any CPU
		{600A0E8C-4955-4423-A818-9A9B01F1B8C1}.Release|Any CPU.Build.0 = Release|Any CPU
	EndGlobalSection
	GlobalSection(SolutionProperties) = preSolution
		HideSolutionNode = FALSE
	EndGlobalSection
	GlobalSection(ExtensibilityGlobals) = postSolution
		SolutionGuid = {0EB0AACD-1108-4F10-8526-E4902390D0F1}
	EndGlobalSection
EndGlobal
