
Microsoft Visual Studio Solution File, Format Version 12.00
# Visual Studio Version 17
VisualStudioVersion = 17.8.34525.116
MinimumVisualStudioVersion = 10.0.40219.1
Project("{FAE04EC0-301F-11D3-BF4B-00C04F79EFBC}") = "ParkingSystem", "ParkingSystem.csproj", "{EDD6319D-88B9-4B08-A0F8-54454D22C0FD}"
EndProject
Global
	GlobalSection(SolutionConfigurationPlatforms) = preSolution
		Debug|Any CPU = Debug|Any CPU
		Release|Any CPU = Release|Any CPU
	EndGlobalSection
	GlobalSection(ProjectConfigurationPlatforms) = postSolution
		{EDD6319D-88B9-4B08-A0F8-54454D22C0FD}.Debug|Any CPU.ActiveCfg = Debug|Any CPU
		{EDD6319D-88B9-4B08-A0F8-54454D22C0FD}.Debug|Any CPU.Build.0 = Debug|Any CPU
		{EDD6319D-88B9-4B08-A0F8-54454D22C0FD}.Release|Any CPU.ActiveCfg = Release|Any CPU
		{EDD6319D-88B9-4B08-A0F8-54454D22C0FD}.Release|Any CPU.Build.0 = Release|Any CPU
	EndGlobalSection
	GlobalSection(SolutionProperties) = preSolution
		HideSolutionNode = FALSE
	EndGlobalSection
	GlobalSection(ExtensibilityGlobals) = postSolution
		SolutionGuid = {46CAE302-A80C-4879-97DC-0F13E49AF1F6}
	EndGlobalSection
EndGlobal
