
Microsoft Visual Studio Solution File, Format Version 12.00
# Visual Studio Version 17
VisualStudioVersion = 17.8.34525.116
MinimumVisualStudioVersion = 10.0.40219.1
Project("{FAE04EC0-301F-11D3-BF4B-00C04F79EFBC}") = "01.Train", "01.Train\01.Train.csproj", "{035D491B-77DA-4832-B892-205CFA63C5C9}"
EndProject
Project("{FAE04EC0-301F-11D3-BF4B-00C04F79EFBC}") = "02.ChangeList", "02.ChangeList\02.ChangeList.csproj", "{9CAC193C-46F0-4501-9756-15ED90949F97}"
EndProject
Global
	GlobalSection(SolutionConfigurationPlatforms) = preSolution
		Debug|Any CPU = Debug|Any CPU
		Release|Any CPU = Release|Any CPU
	EndGlobalSection
	GlobalSection(ProjectConfigurationPlatforms) = postSolution
		{035D491B-77DA-4832-B892-205CFA63C5C9}.Debug|Any CPU.ActiveCfg = Debug|Any CPU
		{035D491B-77DA-4832-B892-205CFA63C5C9}.Debug|Any CPU.Build.0 = Debug|Any CPU
		{035D491B-77DA-4832-B892-205CFA63C5C9}.Release|Any CPU.ActiveCfg = Release|Any CPU
		{035D491B-77DA-4832-B892-205CFA63C5C9}.Release|Any CPU.Build.0 = Release|Any CPU
		{9CAC193C-46F0-4501-9756-15ED90949F97}.Debug|Any CPU.ActiveCfg = Debug|Any CPU
		{9CAC193C-46F0-4501-9756-15ED90949F97}.Debug|Any CPU.Build.0 = Debug|Any CPU
		{9CAC193C-46F0-4501-9756-15ED90949F97}.Release|Any CPU.ActiveCfg = Release|Any CPU
		{9CAC193C-46F0-4501-9756-15ED90949F97}.Release|Any CPU.Build.0 = Release|Any CPU
	EndGlobalSection
	GlobalSection(SolutionProperties) = preSolution
		HideSolutionNode = FALSE
	EndGlobalSection
	GlobalSection(ExtensibilityGlobals) = postSolution
		SolutionGuid = {5BE3BDEF-605B-4183-BAC8-0FDBF2B84927}
	EndGlobalSection
EndGlobal
