
Microsoft Visual Studio Solution File, Format Version 12.00
# Visual Studio Version 17
VisualStudioVersion = 17.8.34525.116
MinimumVisualStudioVersion = 10.0.40219.1
Project("{FAE04EC0-301F-11D3-BF4B-00C04F79EFBC}") = "01.Task", "01.Task\01.Task.csproj", "{F8F33A9B-FF49-403E-8302-7E8F227C066E}"
EndProject
Project("{FAE04EC0-301F-11D3-BF4B-00C04F79EFBC}") = "03.Task", "03.Task\03.Task.csproj", "{274A616B-C158-4054-8501-7004CBEECC00}"
EndProject
Project("{FAE04EC0-301F-11D3-BF4B-00C04F79EFBC}") = "02Task", "02Task\02Task.csproj", "{F172E51A-20DF-4314-844B-B7A8249400D1}"
EndProject
Global
	GlobalSection(SolutionConfigurationPlatforms) = preSolution
		Debug|Any CPU = Debug|Any CPU
		Release|Any CPU = Release|Any CPU
	EndGlobalSection
	GlobalSection(ProjectConfigurationPlatforms) = postSolution
		{F8F33A9B-FF49-403E-8302-7E8F227C066E}.Debug|Any CPU.ActiveCfg = Debug|Any CPU
		{F8F33A9B-FF49-403E-8302-7E8F227C066E}.Debug|Any CPU.Build.0 = Debug|Any CPU
		{F8F33A9B-FF49-403E-8302-7E8F227C066E}.Release|Any CPU.ActiveCfg = Release|Any CPU
		{F8F33A9B-FF49-403E-8302-7E8F227C066E}.Release|Any CPU.Build.0 = Release|Any CPU
		{274A616B-C158-4054-8501-7004CBEECC00}.Debug|Any CPU.ActiveCfg = Debug|Any CPU
		{274A616B-C158-4054-8501-7004CBEECC00}.Debug|Any CPU.Build.0 = Debug|Any CPU
		{274A616B-C158-4054-8501-7004CBEECC00}.Release|Any CPU.ActiveCfg = Release|Any CPU
		{274A616B-C158-4054-8501-7004CBEECC00}.Release|Any CPU.Build.0 = Release|Any CPU
		{F172E51A-20DF-4314-844B-B7A8249400D1}.Debug|Any CPU.ActiveCfg = Debug|Any CPU
		{F172E51A-20DF-4314-844B-B7A8249400D1}.Debug|Any CPU.Build.0 = Debug|Any CPU
		{F172E51A-20DF-4314-844B-B7A8249400D1}.Release|Any CPU.ActiveCfg = Release|Any CPU
		{F172E51A-20DF-4314-844B-B7A8249400D1}.Release|Any CPU.Build.0 = Release|Any CPU
	EndGlobalSection
	GlobalSection(SolutionProperties) = preSolution
		HideSolutionNode = FALSE
	EndGlobalSection
	GlobalSection(ExtensibilityGlobals) = postSolution
		SolutionGuid = {77043C75-E6B0-490A-813F-637582A1C6EF}
	EndGlobalSection
EndGlobal
