
Microsoft Visual Studio Solution File, Format Version 12.00
# Visual Studio Version 17
VisualStudioVersion = 17.8.34525.116
MinimumVisualStudioVersion = 10.0.40219.1
Project("{FAE04EC0-301F-11D3-BF4B-00C04F79EFBC}") = "01. CountRealNumbers", "01. CountRealNumbers\01. CountRealNumbers.csproj", "{FF4E6702-6BB1-4D88-80B6-60D3437D301D}"
EndProject
Project("{FAE04EC0-301F-11D3-BF4B-00C04F79EFBC}") = "02.OddOccurrences", "02.OddOccurrences\02.OddOccurrences.csproj", "{6ACAE625-93E9-419D-8919-CDD17077114B}"
EndProject
Project("{FAE04EC0-301F-11D3-BF4B-00C04F79EFBC}") = "03.WordSynonyms", "03.WordSynonyms\03.WordSynonyms.csproj", "{4C3FE3A1-C245-48DF-AAEA-305533129A9A}"
EndProject
Project("{FAE04EC0-301F-11D3-BF4B-00C04F79EFBC}") = "04.WordFilter", "04.WordFilter\04.WordFilter.csproj", "{F2B427A3-25E9-46B6-B256-6C86187042D0}"
EndProject
Global
	GlobalSection(SolutionConfigurationPlatforms) = preSolution
		Debug|Any CPU = Debug|Any CPU
		Release|Any CPU = Release|Any CPU
	EndGlobalSection
	GlobalSection(ProjectConfigurationPlatforms) = postSolution
		{FF4E6702-6BB1-4D88-80B6-60D3437D301D}.Debug|Any CPU.ActiveCfg = Debug|Any CPU
		{FF4E6702-6BB1-4D88-80B6-60D3437D301D}.Debug|Any CPU.Build.0 = Debug|Any CPU
		{FF4E6702-6BB1-4D88-80B6-60D3437D301D}.Release|Any CPU.ActiveCfg = Release|Any CPU
		{FF4E6702-6BB1-4D88-80B6-60D3437D301D}.Release|Any CPU.Build.0 = Release|Any CPU
		{6ACAE625-93E9-419D-8919-CDD17077114B}.Debug|Any CPU.ActiveCfg = Debug|Any CPU
		{6ACAE625-93E9-419D-8919-CDD17077114B}.Debug|Any CPU.Build.0 = Debug|Any CPU
		{6ACAE625-93E9-419D-8919-CDD17077114B}.Release|Any CPU.ActiveCfg = Release|Any CPU
		{6ACAE625-93E9-419D-8919-CDD17077114B}.Release|Any CPU.Build.0 = Release|Any CPU
		{4C3FE3A1-C245-48DF-AAEA-305533129A9A}.Debug|Any CPU.ActiveCfg = Debug|Any CPU
		{4C3FE3A1-C245-48DF-AAEA-305533129A9A}.Debug|Any CPU.Build.0 = Debug|Any CPU
		{4C3FE3A1-C245-48DF-AAEA-305533129A9A}.Release|Any CPU.ActiveCfg = Release|Any CPU
		{4C3FE3A1-C245-48DF-AAEA-305533129A9A}.Release|Any CPU.Build.0 = Release|Any CPU
		{F2B427A3-25E9-46B6-B256-6C86187042D0}.Debug|Any CPU.ActiveCfg = Debug|Any CPU
		{F2B427A3-25E9-46B6-B256-6C86187042D0}.Debug|Any CPU.Build.0 = Debug|Any CPU
		{F2B427A3-25E9-46B6-B256-6C86187042D0}.Release|Any CPU.ActiveCfg = Release|Any CPU
		{F2B427A3-25E9-46B6-B256-6C86187042D0}.Release|Any CPU.Build.0 = Release|Any CPU
	EndGlobalSection
	GlobalSection(SolutionProperties) = preSolution
		HideSolutionNode = FALSE
	EndGlobalSection
	GlobalSection(ExtensibilityGlobals) = postSolution
		SolutionGuid = {0FFCC602-FD65-48D8-B70F-759F31434889}
	EndGlobalSection
EndGlobal
