
Microsoft Visual Studio Solution File, Format Version 12.00
# Visual Studio Version 17
VisualStudioVersion = 17.5.002.0
MinimumVisualStudioVersion = 10.0.40219.1
Project("{9A19103F-16F7-4668-BE54-9A1E7A4F7556}") = "Api", "Api.csproj", "{325E32D1-F44E-47DD-8E92-65B5A28663CB}"
EndProject
Global
	GlobalSection(SolutionConfigurationPlatforms) = preSolution
		Debug|Any CPU = Debug|Any CPU
		Release|Any CPU = Release|Any CPU
	EndGlobalSection
	GlobalSection(ProjectConfigurationPlatforms) = postSolution
		{325E32D1-F44E-47DD-8E92-65B5A28663CB}.Debug|Any CPU.ActiveCfg = Debug|Any CPU
		{325E32D1-F44E-47DD-8E92-65B5A28663CB}.Debug|Any CPU.Build.0 = Debug|Any CPU
		{325E32D1-F44E-47DD-8E92-65B5A28663CB}.Release|Any CPU.ActiveCfg = Release|Any CPU
		{325E32D1-F44E-47DD-8E92-65B5A28663CB}.Release|Any CPU.Build.0 = Release|Any CPU
	EndGlobalSection
	GlobalSection(SolutionProperties) = preSolution
		HideSolutionNode = FALSE
	EndGlobalSection
	GlobalSection(ExtensibilityGlobals) = postSolution
		SolutionGuid = {5EBAD976-02D0-4E13-A4E7-230CCC9476D3}
	EndGlobalSection
EndGlobal
